<Solution>
  <Folder Name="/src/">
    <Project Path="src/ContosoBookstore.Api/ContosoBookstore.Api.csproj" />
    <Project Path="src/ContosoBookstore.Common/ContosoBookstore.Common.csproj" />
  </Folder>
  <Folder Name="/tests/">
    <Project Path="tests/ContosoBookstore.Api.Tests/ContosoBookstore.Api.Tests.csproj" />
  </Folder>
</Solution>
